
Microsoft Visual Studio Solution File, Format Version 12.00
# Visual Studio Version 17
VisualStudioVersion = 17.8.34316.72
MinimumVisualStudioVersion = 10.0.40219.1
Project("{FAE04EC0-301F-11D3-BF4B-00C04F79EFBC}") = "Zadanie domowe nr 1 tydzień 2", "Zadanie domowe nr 1 tydzień 2\Zadanie domowe nr 1 tydzień 2.csproj", "{14965E88-409A-44E3-B8E8-48B6AD245671}"
EndProject
Global
	GlobalSection(SolutionConfigurationPlatforms) = preSolution
		Debug|Any CPU = Debug|Any CPU
		Release|Any CPU = Release|Any CPU
	EndGlobalSection
	GlobalSection(ProjectConfigurationPlatforms) = postSolution
		{14965E88-409A-44E3-B8E8-48B6AD245671}.Debug|Any CPU.ActiveCfg = Debug|Any CPU
		{14965E88-409A-44E3-B8E8-48B6AD245671}.Debug|Any CPU.Build.0 = Debug|Any CPU
		{14965E88-409A-44E3-B8E8-48B6AD245671}.Release|Any CPU.ActiveCfg = Release|Any CPU
		{14965E88-409A-44E3-B8E8-48B6AD245671}.Release|Any CPU.Build.0 = Release|Any CPU
	EndGlobalSection
	GlobalSection(SolutionProperties) = preSolution
		HideSolutionNode = FALSE
	EndGlobalSection
	GlobalSection(ExtensibilityGlobals) = postSolution
		SolutionGuid = {FF96E32E-AF05-4F6D-95C9-F0BD1890DC2A}
	EndGlobalSection
EndGlobal
